PATH
  remote: .
  specs:
    gltail (0.1.9)
      bcrypt_pbkdf (~> 1.0)
      chipmunk (~> 5.3.4.5)
      ed25519 (~> 1.2)
      file-tail
      fluentd (~> 1.19)
      glu (~> 8.3)
      glut (~> 8.3)
      logger
      net-ssh (>= 2.9)
      net-ssh-gateway
      opengl (~> 0.10)
      resolv-replace

PATH
  remote: vendor/chipmunk
  specs:
    chipmunk (5.3.4.5)

GEM
  remote: https://rubygems.org/
  specs:
    async (2.39.0)
      console (~> 1.29)
      fiber-annotation
      io-event (~> 1.11)
      metrics (~> 0.12)
      traces (~> 0.18)
    async-http (0.95.0)
      async (>= 2.10.2)
      async-pool (~> 0.11)
      io-endpoint (~> 0.14)
      io-stream (~> 0.6)
      metrics (~> 0.12)
      protocol-http (~> 0.62)
      protocol-http1 (~> 0.39)
      protocol-http2 (~> 0.26)
      protocol-url (~> 0.2)
      traces (~> 0.10)
    async-pool (0.11.2)
      async (>= 2.0)
    base64 (0.3.0)
    bcrypt_pbkdf (1.1.2)
    bigdecimal (4.1.2)
    concurrent-ruby (1.3.7)
    console (1.34.3)
      fiber-annotation
      fiber-local (~> 1.1)
      json
    cool.io (1.9.4)
    csv (3.3.5)
    drb (2.2.3)
    ed25519 (1.4.0)
    fiber-annotation (0.2.0)
    fiber-local (1.1.0)
      fiber-storage
    fiber-storage (1.0.1)
    file-tail (1.4.0)
      tins (~> 1.0)
    fluentd (1.19.2)
      async-http (~> 0.86)
      base64 (~> 0.2)
      bundler
      cool.io (>= 1.4.5, < 2.0.0)
      csv (~> 3.2)
      drb (~> 2.2)
      http_parser.rb (>= 0.5.1, < 0.9.0)
      logger (~> 1.6)
      msgpack (>= 1.3.1, < 2.0.0)
      net-http (~> 0.8)
      ostruct (~> 0.6)
      serverengine (>= 2.3.2, < 3.0.0)
      sigdump (~> 0.2.5)
      strptime (>= 0.2.4, < 1.0.0)
      tzinfo (>= 1.0, < 3.0)
      tzinfo-data (~> 1.0)
      uri (~> 1.0)
      webrick (~> 1.4)
      yajl-ruby (~> 1.0)
      zstd-ruby (~> 1.5)
    glu (8.3.0)
    glut (8.3.0)
    http_parser.rb (0.8.1)
    io-console (0.8.2)
    io-endpoint (0.17.2)
    io-event (1.15.1)
    io-stream (0.12.0)
    json (2.19.4)
    logger (1.7.0)
    metrics (0.15.0)
    mize (0.6.1)
    msgpack (1.8.0)
    net-http (0.9.1)
      uri (>= 0.11.1)
    net-ssh (7.3.2)
    net-ssh-gateway (2.0.0)
      net-ssh (>= 4.0.0)
    opengl (0.10.0)
    ostruct (0.6.3)
    protocol-hpack (1.5.1)
    protocol-http (0.62.2)
    protocol-http1 (0.39.0)
      protocol-http (~> 0.62)
    protocol-http2 (0.26.0)
      protocol-hpack (~> 1.4)
      protocol-http (~> 0.62)
    protocol-url (0.4.0)
    readline (0.0.4)
      reline
    reline (0.6.3)
      io-console (~> 0.5)
    resolv (0.7.1)
    resolv-replace (0.2.0)
      resolv
    serverengine (2.4.0)
      base64 (~> 0.1)
      logger (~> 1.4)
      sigdump (~> 0.2.2)
    sigdump (0.2.5)
    strptime (0.2.5)
    sync (0.5.0)
    tins (1.53.0)
      bigdecimal
      mize (~> 0.6)
      readline
      sync
    traces (0.18.2)
    tzinfo (2.0.6)
      concurrent-ruby (~> 1.0)
    tzinfo-data (1.2026.2)
      tzinfo (>= 1.0.0)
    uri (1.1.1)
    webrick (1.9.2)
    yajl-ruby (1.4.3)
    zstd-ruby (1.5.7.1)

PLATFORMS
  ruby
  x86_64-linux

DEPENDENCIES
  chipmunk!
  gltail!

CHECKSUMS
  async (2.39.0) sha256=df18730073f2bbb45788077dfa20cb365ecc1b9453969f44de6796b5191a00aa
  async-http (0.95.0) sha256=08128cab255a48e41d1e856bfa9cbda001f1c57c88bafa3fa3a545ad795754aa
  async-pool (0.11.2) sha256=0a43a17b02b04d9c451b7d12fafa9a50e55dc6dd00d4369aca00433f16a7e3ed
  base64 (0.3.0) sha256=27337aeabad6ffae05c265c450490628ef3ebd4b67be58257393227588f5a97b
  bcrypt_pbkdf (1.1.2) sha256=c2414c23ce66869b3eb9f643d6a3374d8322dfb5078125c82792304c10b94cf6
  bigdecimal (4.1.2) sha256=53d217666027eab4280346fba98e7d5b66baaae1b9c3c1c0ffe89d48188a3fbd
  chipmunk (5.3.4.5)
  concurrent-ruby (1.3.7) sha256=4412caec3a5ea2e5fdc52076724c071a81f2c0593d83b2ac8cbb8ca63b3151b0
  console (1.34.3) sha256=869fbd74697efc4c606f102d2812b0b008e4e7fd738a91c591e8577140ec0dcc
  cool.io (1.9.4) sha256=a5024a2e6f79555b0ee629a0e67c1f4e2410351923057ab712f2b8d77ff2ea53
  csv (3.3.5) sha256=6e5134ac3383ef728b7f02725d9872934f523cb40b961479f69cf3afa6c8e73f
  drb (2.2.3) sha256=0b00d6fdb50995fe4a45dea13663493c841112e4068656854646f418fda13373
  ed25519 (1.4.0) sha256=16e97f5198689a154247169f3453ef4cfd3f7a47481fde0ae33206cdfdcac506
  fiber-annotation (0.2.0) sha256=7abfadf1d119f508867d4103bf231c0354d019cc39a5738945dec2edadaf6c03
  fiber-local (1.1.0) sha256=c885f94f210fb9b05737de65d511136ea602e00c5105953748aa0f8793489f06
  fiber-storage (1.0.1) sha256=f48e5b6d8b0be96dac486332b55cee82240057065dc761c1ea692b2e719240e1
  file-tail (1.4.0) sha256=60b3104de1ded11d7e6406fb09ab8be22865a58e475f44a6d19121c1fa941b7d
  fluentd (1.19.2) sha256=07106d8b9afce891452739d44978b2ac73f43b5166960ea190cd43e592eea8e4
  gltail (0.1.9)
  glu (8.3.0) sha256=0b4d7cb9cd8c995cbc76856d56b93ff11741559037a20bc38abffb30104b3d4d
  glut (8.3.0) sha256=a067b4023f2a64410b48b2da47fdf222310ba82d5b716f4aa4237d32f4f494f7
  http_parser.rb (0.8.1) sha256=9ae8df145b39aa5398b2f90090d651c67bd8e2ebfe4507c966579f641e11097a
  io-console (0.8.2) sha256=d6e3ae7a7cc7574f4b8893b4fca2162e57a825b223a177b7afa236c5ef9814cc
  io-endpoint (0.17.2) sha256=3feaf766c116b35839c11fac68b6aaadc47887bb488902a57bf8e1d288fb3338
  io-event (1.15.1) sha256=c644cdcf48254015d63f558bf4492f35471f5bb204a42180ea49752be59b30cc
  io-stream (0.12.0) sha256=176fa28ad566d13e70bbf5791c4da74e6723c66ce9732237654deda1551476ac
  json (2.19.4) sha256=670a7d333fb3b18ca5b29cb255eb7bef099e40d88c02c80bd42a3f30fe5239ac
  logger (1.7.0) sha256=196edec7cc44b66cfb40f9755ce11b392f21f7967696af15d274dde7edff0203
  metrics (0.15.0) sha256=61ded5bac95118e995b1bc9ed4a5f19bc9814928a312a85b200abbdac9039072
  mize (0.6.1) sha256=4031558979ff5426fda24c75a149b4e4c0faf4cacf2fae8938f83866ab94b780
  msgpack (1.8.0) sha256=e64ce0212000d016809f5048b48eb3a65ffb169db22238fb4b72472fecb2d732
  net-http (0.9.1) sha256=25ba0b67c63e89df626ed8fac771d0ad24ad151a858af2cc8e6a716ca4336996
  net-ssh (7.3.2) sha256=65029e213c380e20e5fd92ece663934ab0a0fe888e0cd7cc6a5b664074362dd4
  net-ssh-gateway (2.0.0) sha256=1d9cb51de52e2d64982f4c136c30435e914c05a980814a91055c89e183397bd0
  opengl (0.10.0) sha256=e3bc0fa92dafe5ece8858259ccc47f156edab3b6671786a75873ae1d05355a89
  ostruct (0.6.3) sha256=95a2ed4a4bd1d190784e666b47b2d3f078e4a9efda2fccf18f84ddc6538ed912
  protocol-hpack (1.5.1) sha256=6feca238b8078da1cd295677d6f306c6001af92d75fe0643d33e6956cbc3ad91
  protocol-http (0.62.2) sha256=e1c1f2f56029c1af8c4e2b8a67d0d096c76620f3afd8d99d1dcd2f6b8ffa773b
  protocol-http1 (0.39.0) sha256=e49b3f4cda6f5d94c76a323d2b7f6977cba3ebd082d2da437039594da77ad8eb
  protocol-http2 (0.26.0) sha256=bac89cd78082b241ccd0cf7246f5160e4bb0c9c975fb4bf7deef5f88cc317486
  protocol-url (0.4.0) sha256=64d4c03b6b51ad815ac6fdaf77a1d91e5baf9220d26becb846c5459dacdea9e1
  readline (0.0.4) sha256=6138eef17be2b98298b672c3ea63bf9cb5158d401324f26e1e84f235879c1d6a
  reline (0.6.3) sha256=1198b04973565b36ec0f11542ab3f5cfeeec34823f4e54cebde90968092b1835
  resolv (0.7.1) sha256=27d9d5972a61d6401f4e26c84136f1cab6c3ca1938bba7119415df3e926894b8
  resolv-replace (0.2.0) sha256=76d2c92dc6a744b9e27a915d1962b641c52e2c6ef6662a23335672a3ca593b30
  serverengine (2.4.0) sha256=4a42a431f187fac9906834d1bacf00321e835b11bc7f7b8af5f9b5c8fbd246bc
  sigdump (0.2.5) sha256=bb706c1cce70458b285d2c3a57121e801ccb79f68be7f7377692eb40b5437242
  strptime (0.2.5) sha256=98ed77ff7717a47387ba473614f478e78b162d70a64072fd71d54f547e079af9
  sync (0.5.0) sha256=668356cc07c59ac7ed9ecf34fec3929831f179c07adb1f3e1c3b7a1609a638fd
  tins (1.53.0) sha256=2960725f2fea121700ff5b9f536c7053e4c87668feac0f3492480a2a6e8fbe91
  traces (0.18.2) sha256=80f1649cb4daace1d7174b81f3b3b7427af0b93047759ba349960cb8f315e214
  tzinfo (2.0.6) sha256=8daf828cc77bcf7d63b0e3bdb6caa47e2272dcfaf4fbfe46f8c3a9df087a829b
  tzinfo-data (1.2026.2) sha256=7db0d3d3d53b8d7601fc183fccc8c6d056a3004e14eb59ea995bf6aec4ae10bc
  uri (1.1.1) sha256=379fa58d27ffb1387eaada68c749d1426738bd0f654d812fcc07e7568f5c57c6
  webrick (1.9.2) sha256=beb4a15fc474defed24a3bda4ffd88a490d517c9e4e6118c3edce59e45864131
  yajl-ruby (1.4.3) sha256=8c974d9c11ae07b0a3b6d26efea8407269b02e4138118fbe3ef0d2ec9724d1d2
  zstd-ruby (1.5.7.1) sha256=ded1fbf83afa32d613f28448a6d546129c578e5a9df3bd92f3f1e2542169fd21

BUNDLED WITH
  4.0.6
